
Microsoft Visual Studio Solution File, Format Version 12.00
# Visual Studio 14
VisualStudioVersion = 14.0.25420.1
MinimumVisualStudioVersion = 10.0.40219.1
Project("{E24C65DC-7377-472B-9ABA-BC803B73C61A}") = "web.fridays", "web.fridays\", "{9F7DE2C7-7C01-457E-B99E-F8645AFC8706}"
	ProjectSection(WebsiteProperties) = preProject
		TargetFrameworkMoniker = ".NETFramework,Version%3Dv4.5"
		ProjectReferences = "{a8017285-f678-43ee-9d46-9ea2c0d922c5}|cm.mx.catalogo.dll;"
		Debug.AspNetCompiler.VirtualPath = "/localhost_53496"
		Debug.AspNetCompiler.PhysicalPath = "web.fridays\"
		Debug.AspNetCompiler.TargetPath = "PrecompiledWeb\localhost_53496\"
		Debug.AspNetCompiler.Updateable = "true"
		Debug.AspNetCompiler.ForceOverwrite = "true"
		Debug.AspNetCompiler.FixedNames = "false"
		Debug.AspNetCompiler.Debug = "True"
		Release.AspNetCompiler.VirtualPath = "/localhost_53496"
		Release.AspNetCompiler.PhysicalPath = "web.fridays\"
		Release.AspNetCompiler.TargetPath = "PrecompiledWeb\localhost_53496\"
		Release.AspNetCompiler.Updateable = "true"
		Release.AspNetCompiler.ForceOverwrite = "true"
		Release.AspNetCompiler.FixedNames = "false"
		Release.AspNetCompiler.Debug = "False"
		VWDPort = "53496"
		SlnRelativePath = "web.fridays\"
	EndProjectSection
EndProject
Project("{FAE04EC0-301F-11D3-BF4B-00C04F79EFBC}") = "cm.mx.catalogo", "cm.mx.catalogo\cm.mx.catalogo\cm.mx.catalogo\cm.mx.catalogo.csproj", "{A8017285-F678-43EE-9D46-9EA2C0D922C5}"
EndProject
Global
	GlobalSection(SolutionConfigurationPlatforms) = preSolution
		Debug|Any CPU = Debug|Any CPU
		Release|Any CPU = Release|Any CPU
	EndGlobalSection
	GlobalSection(ProjectConfigurationPlatforms) = postSolution
		{9F7DE2C7-7C01-457E-B99E-F8645AFC8706}.Debug|Any CPU.ActiveCfg = Debug|Any CPU
		{9F7DE2C7-7C01-457E-B99E-F8645AFC8706}.Debug|Any CPU.Build.0 = Debug|Any CPU
		{9F7DE2C7-7C01-457E-B99E-F8645AFC8706}.Release|Any CPU.ActiveCfg = Debug|Any CPU
		{9F7DE2C7-7C01-457E-B99E-F8645AFC8706}.Release|Any CPU.Build.0 = Debug|Any CPU
		{A8017285-F678-43EE-9D46-9EA2C0D922C5}.Debug|Any CPU.ActiveCfg = Debug|Any CPU
		{A8017285-F678-43EE-9D46-9EA2C0D922C5}.Debug|Any CPU.Build.0 = Debug|Any CPU
		{A8017285-F678-43EE-9D46-9EA2C0D922C5}.Release|Any CPU.ActiveCfg = Release|Any CPU
		{A8017285-F678-43EE-9D46-9EA2C0D922C5}.Release|Any CPU.Build.0 = Release|Any CPU
	EndGlobalSection
	GlobalSection(SolutionProperties) = preSolution
		HideSolutionNode = FALSE
	EndGlobalSection
EndGlobal
