
Microsoft Visual Studio Solution File, Format Version 12.00
# Visual Studio 15
<<<<<<< HEAD
VisualStudioVersion = 15.0.26430.12
MinimumVisualStudioVersion = 10.0.40219.1
Project("{FAE04EC0-301F-11D3-BF4B-00C04F79EFBC}") = "cm.mx.catalogo", "cm.mx.catalogo\cm.mx.catalogo.csproj", "{A8017285-F678-43EE-9D46-9EA2C0D922C5}"
=======
VisualStudioVersion = 15.0.26430.13
MinimumVisualStudioVersion = 10.0.40219.1
Project("{FAE04EC0-301F-11D3-BF4B-00C04F79EFBC}") = "cm.mx.catalogo", "cm.mx.catalogo\cm.mx.catalogo.csproj", "{1072C61B-A642-439F-877D-CD7B47330803}"
>>>>>>> 90fd440e4b7e506096bce1f8c785fdb90d48a1f2
EndProject
Global
	GlobalSection(SolutionConfigurationPlatforms) = preSolution
		Debug|Any CPU = Debug|Any CPU
		Release|Any CPU = Release|Any CPU
	EndGlobalSection
	GlobalSection(ProjectConfigurationPlatforms) = postSolution
<<<<<<< HEAD
		{A8017285-F678-43EE-9D46-9EA2C0D922C5}.Debug|Any CPU.ActiveCfg = Debug|Any CPU
		{A8017285-F678-43EE-9D46-9EA2C0D922C5}.Debug|Any CPU.Build.0 = Debug|Any CPU
		{A8017285-F678-43EE-9D46-9EA2C0D922C5}.Release|Any CPU.ActiveCfg = Release|Any CPU
		{A8017285-F678-43EE-9D46-9EA2C0D922C5}.Release|Any CPU.Build.0 = Release|Any CPU
=======
		{1072C61B-A642-439F-877D-CD7B47330803}.Debug|Any CPU.ActiveCfg = Debug|Any CPU
		{1072C61B-A642-439F-877D-CD7B47330803}.Debug|Any CPU.Build.0 = Debug|Any CPU
		{1072C61B-A642-439F-877D-CD7B47330803}.Release|Any CPU.ActiveCfg = Release|Any CPU
		{1072C61B-A642-439F-877D-CD7B47330803}.Release|Any CPU.Build.0 = Release|Any CPU
>>>>>>> 90fd440e4b7e506096bce1f8c785fdb90d48a1f2
	EndGlobalSection
	GlobalSection(SolutionProperties) = preSolution
		HideSolutionNode = FALSE
	EndGlobalSection
EndGlobal
