
Microsoft Visual Studio Solution File, Format Version 12.00
# Visual Studio 2013
VisualStudioVersion = 12.0.31101.0
MinimumVisualStudioVersion = 10.0.40219.1
Project("{FAE04EC0-301F-11D3-BF4B-00C04F79EFBC}") = "cm.mx.catalogo", "cm.mx.catalogo\cm.mx.catalogo.csproj", "{A8017285-F678-43EE-9D46-9EA2C0D922C5}"
EndProject
Project("{FAE04EC0-301F-11D3-BF4B-00C04F79EFBC}") = "Promocion", "Promocion\Promocion.csproj", "{7828EED5-A732-4973-82B5-D067DA958FDE}"
EndProject
Global
	GlobalSection(SolutionConfigurationPlatforms) = preSolution
		Debug|Any CPU = Debug|Any CPU
		Release|Any CPU = Release|Any CPU
	EndGlobalSection
	GlobalSection(ProjectConfigurationPlatforms) = postSolution
		{A8017285-F678-43EE-9D46-9EA2C0D922C5}.Debug|Any CPU.ActiveCfg = Debug|Any CPU
		{A8017285-F678-43EE-9D46-9EA2C0D922C5}.Debug|Any CPU.Build.0 = Debug|Any CPU
		{A8017285-F678-43EE-9D46-9EA2C0D922C5}.Release|Any CPU.ActiveCfg = Release|Any CPU
		{A8017285-F678-43EE-9D46-9EA2C0D922C5}.Release|Any CPU.Build.0 = Release|Any CPU
		{7828EED5-A732-4973-82B5-D067DA958FDE}.Debug|Any CPU.ActiveCfg = Debug|Any CPU
		{7828EED5-A732-4973-82B5-D067DA958FDE}.Debug|Any CPU.Build.0 = Debug|Any CPU
		{7828EED5-A732-4973-82B5-D067DA958FDE}.Release|Any CPU.ActiveCfg = Release|Any CPU
		{7828EED5-A732-4973-82B5-D067DA958FDE}.Release|Any CPU.Build.0 = Release|Any CPU
	EndGlobalSection
	GlobalSection(SolutionProperties) = preSolution
		HideSolutionNode = FALSE
	EndGlobalSection
EndGlobal
